
Microsoft Visual Studio Solution File, Format Version 12.00
# Visual Studio Version 17
VisualStudioVersion = 17.8.34322.80
MinimumVisualStudioVersion = 10.0.40219.1
Project("{FAE04EC0-301F-11D3-BF4B-00C04F79EFBC}") = "Minsweeper", "Minsweeper\Minsweeper.csproj", "{7834862A-C906-482F-8F4C-D161895F8434}"
EndProject
Global
	GlobalSection(SolutionConfigurationPlatforms) = preSolution
		Debug|Any CPU = Debug|Any CPU
		Release|Any CPU = Release|Any CPU
	EndGlobalSection
	GlobalSection(ProjectConfigurationPlatforms) = postSolution
		{7834862A-C906-482F-8F4C-D161895F8434}.Debug|Any CPU.ActiveCfg = Debug|Any CPU
		{7834862A-C906-482F-8F4C-D161895F8434}.Debug|Any CPU.Build.0 = Debug|Any CPU
		{7834862A-C906-482F-8F4C-D161895F8434}.Release|Any CPU.ActiveCfg = Release|Any CPU
		{7834862A-C906-482F-8F4C-D161895F8434}.Release|Any CPU.Build.0 = Release|Any CPU
	EndGlobalSection
	GlobalSection(SolutionProperties) = preSolution
		HideSolutionNode = FALSE
	EndGlobalSection
	GlobalSection(ExtensibilityGlobals) = postSolution
		SolutionGuid = {D2496568-5DA5-441F-95B8-C97A65C4AE9B}
	EndGlobalSection
EndGlobal
